
Microsoft Visual Studio Solution File, Format Version 12.00
# Visual Studio 2013
VisualStudioVersion = 12.0.30324.0
MinimumVisualStudioVersion = 10.0.40219.1
Project("{FAE04EC0-301F-11D3-BF4B-00C04F79EFBC}") = "OwinCas", "owin-cas\OwinCas.csproj", "{47E2288A-7C47-4503-9F87-8B0B412CB209}"
EndProject
Project("{FAE04EC0-301F-11D3-BF4B-00C04F79EFBC}") = "OwinCasTests", "OwinCasTests\OwinCasTests.csproj", "{75AB019F-1148-433E-BB23-8EEDC28596C9}"
EndProject
Project("{FAE04EC0-301F-11D3-BF4B-00C04F79EFBC}") = "OwinCasDemo", "OwinCasDemo\OwinCasDemo.csproj", "{95474F1C-062C-40D3-80C7-AF01A680B09F}"
EndProject
Global
	GlobalSection(SolutionConfigurationPlatforms) = preSolution
		Debug|Any CPU = Debug|Any CPU
		Release|Any CPU = Release|Any CPU
	EndGlobalSection
	GlobalSection(ProjectConfigurationPlatforms) = postSolution
		{47E2288A-7C47-4503-9F87-8B0B412CB209}.Debug|Any CPU.ActiveCfg = Debug|Any CPU
		{47E2288A-7C47-4503-9F87-8B0B412CB209}.Debug|Any CPU.Build.0 = Debug|Any CPU
		{47E2288A-7C47-4503-9F87-8B0B412CB209}.Release|Any CPU.ActiveCfg = Release|Any CPU
		{47E2288A-7C47-4503-9F87-8B0B412CB209}.Release|Any CPU.Build.0 = Release|Any CPU
		{75AB019F-1148-433E-BB23-8EEDC28596C9}.Debug|Any CPU.ActiveCfg = Debug|Any CPU
		{75AB019F-1148-433E-BB23-8EEDC28596C9}.Debug|Any CPU.Build.0 = Debug|Any CPU
		{75AB019F-1148-433E-BB23-8EEDC28596C9}.Release|Any CPU.ActiveCfg = Release|Any CPU
		{75AB019F-1148-433E-BB23-8EEDC28596C9}.Release|Any CPU.Build.0 = Release|Any CPU
		{95474F1C-062C-40D3-80C7-AF01A680B09F}.Debug|Any CPU.ActiveCfg = Debug|Any CPU
		{95474F1C-062C-40D3-80C7-AF01A680B09F}.Debug|Any CPU.Build.0 = Debug|Any CPU
		{95474F1C-062C-40D3-80C7-AF01A680B09F}.Release|Any CPU.ActiveCfg = Release|Any CPU
		{95474F1C-062C-40D3-80C7-AF01A680B09F}.Release|Any CPU.Build.0 = Release|Any CPU
	EndGlobalSection
	GlobalSection(SolutionProperties) = preSolution
		HideSolutionNode = FALSE
	EndGlobalSection
EndGlobal
